// !$*UTF8*$!
{
	archiveVersion = 1;
	classes = {
	};
	objectVersion = 46;
	objects = {

/* Begin PBXBuildFile section */
		03FDD4CA1F70CF6300961701 /* AppDelegate.swift in Sources */ = {isa = PBXBuildFile; fileRef = 03FDD4C91F70CF6300961701 /* AppDelegate.swift */; };
		03FDD4CC1F70CF6300961701 /* ViewController.swift in Sources */ = {isa = PBXBuildFile; fileRef = 03FDD4CB1F70CF6300961701 /* ViewController.swift */; };
		03FDD4CE1F70CF6300961701 /* Assets.xcassets in Resources */ = {isa = PBXBuildFile; fileRef = 03FDD4CD1F70CF6300961701 /* Assets.xcassets */; };
		03FDD4D11F70CF6300961701 /* Main.storyboard in Resources */ = {isa = PBXBuildFile; fileRef = 03FDD4CF1F70CF6300961701 /* Main.storyboard */; };
		03FDD4DA1F70D64200961701 /* Github.swift in Sources */ = {isa = PBXBuildFile; fileRef = 03FDD4D91F70D64200961701 /* Github.swift */; };
		03FDD4DC1F70D74200961701 /* OctoKit.framework in Frameworks */ = {isa = PBXBuildFile; fileRef = 03FDD4DB1F70D74200961701 /* OctoKit.framework */; };
		03FDD4DE1F70D7CA00961701 /* AFNetworking.framework in Frameworks */ = {isa = PBXBuildFile; fileRef = 03FDD4DD1F70D7CA00961701 /* AFNetworking.framework */; };
		03FDD4E31F70D7D700961701 /* ISO8601DateFormatter.framework in Frameworks */ = {isa = PBXBuildFile; fileRef = 03FDD4DF1F70D7D700961701 /* ISO8601DateFormatter.framework */; };
		03FDD4E41F70D7D700961701 /* Mantle.framework in Frameworks */ = {isa = PBXBuildFile; fileRef = 03FDD4E01F70D7D700961701 /* Mantle.framework */; };
		03FDD4E51F70D7D700961701 /* ReactiveCocoa.framework in Frameworks */ = {isa = PBXBuildFile; fileRef = 03FDD4E11F70D7D700961701 /* ReactiveCocoa.framework */; };
		03FDD4E61F70D7D700961701 /* SwiftyJSON.framework in Frameworks */ = {isa = PBXBuildFile; fileRef = 03FDD4E21F70D7D700961701 /* SwiftyJSON.framework */; };
		03FDD4E71F70D83800961701 /* ISO8601DateFormatter.framework in Frameworks */ = {isa = PBXBuildFile; fileRef = 03FDD4DF1F70D7D700961701 /* ISO8601DateFormatter.framework */; };
		03FDD4E81F70D83800961701 /* ISO8601DateFormatter.framework in Embed Frameworks */ = {isa = PBXBuildFile; fileRef = 03FDD4DF1F70D7D700961701 /* ISO8601DateFormatter.framework */; settings = {ATTRIBUTES = (CodeSignOnCopy, RemoveHeadersOnCopy, ); }; };
		03FDD4E91F70D83800961701 /* Mantle.framework in Frameworks */ = {isa = PBXBuildFile; fileRef = 03FDD4E01F70D7D700961701 /* Mantle.framework */; };
		03FDD4EA1F70D83800961701 /* Mantle.framework in Embed Frameworks */ = {isa = PBXBuildFile; fileRef = 03FDD4E01F70D7D700961701 /* Mantle.framework */; settings = {ATTRIBUTES = (CodeSignOnCopy, RemoveHeadersOnCopy, ); }; };
		03FDD4EB1F70D83800961701 /* ReactiveCocoa.framework in Frameworks */ = {isa = PBXBuildFile; fileRef = 03FDD4E11F70D7D700961701 /* ReactiveCocoa.framework */; };
		03FDD4EC1F70D83800961701 /* ReactiveCocoa.framework in Embed Frameworks */ = {isa = PBXBuildFile; fileRef = 03FDD4E11F70D7D700961701 /* ReactiveCocoa.framework */; settings = {ATTRIBUTES = (CodeSignOnCopy, RemoveHeadersOnCopy, ); }; };
		03FDD4ED1F70D83800961701 /* SwiftyJSON.framework in Frameworks */ = {isa = PBXBuildFile; fileRef = 03FDD4E21F70D7D700961701 /* SwiftyJSON.framework */; };
		03FDD4EE1F70D83800961701 /* SwiftyJSON.framework in Embed Frameworks */ = {isa = PBXBuildFile; fileRef = 03FDD4E21F70D7D700961701 /* SwiftyJSON.framework */; settings = {ATTRIBUTES = (CodeSignOnCopy, RemoveHeadersOnCopy, ); }; };
		03FDD4EF1F70D83800961701 /* AFNetworking.framework in Frameworks */ = {isa = PBXBuildFile; fileRef = 03FDD4DD1F70D7CA00961701 /* AFNetworking.framework */; };
		03FDD4F01F70D83800961701 /* AFNetworking.framework in Embed Frameworks */ = {isa = PBXBuildFile; fileRef = 03FDD4DD1F70D7CA00961701 /* AFNetworking.framework */; settings = {ATTRIBUTES = (CodeSignOnCopy, RemoveHeadersOnCopy, ); }; };
		03FDD4F11F70D83800961701 /* OctoKit.framework in Frameworks */ = {isa = PBXBuildFile; fileRef = 03FDD4DB1F70D74200961701 /* OctoKit.framework */; };
		03FDD4F21F70D83800961701 /* OctoKit.framework in Embed Frameworks */ = {isa = PBXBuildFile; fileRef = 03FDD4DB1F70D74200961701 /* OctoKit.framework */; settings = {ATTRIBUTES = (CodeSignOnCopy, RemoveHeadersOnCopy, ); }; };
/* End PBXBuildFile section */

/* Begin PBXCopyFilesBuildPhase section */
		03FDD4F31F70D83800961701 /* Embed Frameworks */ = {
			isa = PBXCopyFilesBuildPhase;
			buildActionMask = 2147483647;
			dstPath = "";
			dstSubfolderSpec = 10;
			files = (
				03FDD4F21F70D83800961701 /* OctoKit.framework in Embed Frameworks */,
				03FDD4EE1F70D83800961701 /* SwiftyJSON.framework in Embed Frameworks */,
				03FDD4F01F70D83800961701 /* AFNetworking.framework in Embed Frameworks */,
				03FDD4E81F70D83800961701 /* ISO8601DateFormatter.framework in Embed Frameworks */,
				03FDD4EC1F70D83800961701 /* ReactiveCocoa.framework in Embed Frameworks */,
				03FDD4EA1F70D83800961701 /* Mantle.framework in Embed Frameworks */,
			);
			name = "Embed Frameworks";
			runOnlyForDeploymentPostprocessing = 0;
		};
/* End PBXCopyFilesBuildPhase section */

/* Begin PBXFileReference section */
		03FDD4C61F70CF6300961701 /* GithubNotify.app */ = {isa = PBXFileReference; explicitFileType = wrapper.application; includeInIndex = 0; path = GithubNotify.app; sourceTree = BUILT_PRODUCTS_DIR; };
		03FDD4C91F70CF6300961701 /* AppDelegate.swift */ = {isa = PBXFileReference; lastKnownFileType = sourcecode.swift; path = AppDelegate.swift; sourceTree = "<group>"; };
		03FDD4CB1F70CF6300961701 /* ViewController.swift */ = {isa = PBXFileReference; lastKnownFileType = sourcecode.swift; path = ViewController.swift; sourceTree = "<group>"; };
		03FDD4CD1F70CF6300961701 /* Assets.xcassets */ = {isa = PBXFileReference; lastKnownFileType = folder.assetcatalog; path = Assets.xcassets; sourceTree = "<group>"; };
		03FDD4D01F70CF6300961701 /* Base */ = {isa = PBXFileReference; lastKnownFileType = file.storyboard; name = Base; path = Base.lproj/Main.storyboard; sourceTree = "<group>"; };
		03FDD4D21F70CF6300961701 /* Info.plist */ = {isa = PBXFileReference; lastKnownFileType = text.plist.xml; path = Info.plist; sourceTree = "<group>"; };
		03FDD4D91F70D64200961701 /* Github.swift */ = {isa = PBXFileReference; fileEncoding = 4; lastKnownFileType = sourcecode.swift; path = Github.swift; sourceTree = "<group>"; };
		03FDD4DB1F70D74200961701 /* OctoKit.framework */ = {isa = PBXFileReference; lastKnownFileType = wrapper.framework; name = OctoKit.framework; path = Carthage/Build/Mac/OctoKit.framework; sourceTree = "<group>"; };
		03FDD4DD1F70D7CA00961701 /* AFNetworking.framework */ = {isa = PBXFileReference; lastKnownFileType = wrapper.framework; name = AFNetworking.framework; path = Carthage/Build/Mac/AFNetworking.framework; sourceTree = "<group>"; };
		03FDD4DF1F70D7D700961701 /* ISO8601DateFormatter.framework */ = {isa = PBXFileReference; lastKnownFileType = wrapper.framework; name = ISO8601DateFormatter.framework; path = Carthage/Build/Mac/ISO8601DateFormatter.framework; sourceTree = "<group>"; };
		03FDD4E01F70D7D700961701 /* Mantle.framework */ = {isa = PBXFileReference; lastKnownFileType = wrapper.framework; name = Mantle.framework; path = Carthage/Build/Mac/Mantle.framework; sourceTree = "<group>"; };
		03FDD4E11F70D7D700961701 /* ReactiveCocoa.framework */ = {isa = PBXFileReference; lastKnownFileType = wrapper.framework; name = ReactiveCocoa.framework; path = Carthage/Build/Mac/ReactiveCocoa.framework; sourceTree = "<group>"; };
		03FDD4E21F70D7D700961701 /* SwiftyJSON.framework */ = {isa = PBXFileReference; lastKnownFileType = wrapper.framework; name = SwiftyJSON.framework; path = Carthage/Build/Mac/SwiftyJSON.framework; sourceTree = "<group>"; };
/* End PBXFileReference section */

/* Begin PBXFrameworksBuildPhase section */
		03FDD4C31F70CF6300961701 /* Frameworks */ = {
			isa = PBXFrameworksBuildPhase;
			buildActionMask = 2147483647;
			files = (
				03FDD4DC1F70D74200961701 /* OctoKit.framework in Frameworks */,
				03FDD4E41F70D7D700961701 /* Mantle.framework in Frameworks */,
				03FDD4E71F70D83800961701 /* ISO8601DateFormatter.framework in Frameworks */,
				03FDD4E61F70D7D700961701 /* SwiftyJSON.framework in Frameworks */,
				03FDD4ED1F70D83800961701 /* SwiftyJSON.framework in Frameworks */,
				03FDD4DE1F70D7CA00961701 /* AFNetworking.framework in Frameworks */,
				03FDD4F11F70D83800961701 /* OctoKit.framework in Frameworks */,
				03FDD4E91F70D83800961701 /* Mantle.framework in Frameworks */,
				03FDD4E31F70D7D700961701 /* ISO8601DateFormatter.framework in Frameworks */,
				03FDD4EB1F70D83800961701 /* ReactiveCocoa.framework in Frameworks */,
				03FDD4E51F70D7D700961701 /* ReactiveCocoa.framework in Frameworks */,
				03FDD4EF1F70D83800961701 /* AFNetworking.framework in Frameworks */,
			);
			runOnlyForDeploymentPostprocessing = 0;
		};
/* End PBXFrameworksBuildPhase section */

/* Begin PBXGroup section */
		03FDD4BD1F70CF6300961701 = {
			isa = PBXGroup;
			children = (
				03FDD4C81F70CF6300961701 /* GithubNotify */,
				03FDD4C71F70CF6300961701 /* Products */,
				03FDD4DF1F70D7D700961701 /* ISO8601DateFormatter.framework */,
				03FDD4E01F70D7D700961701 /* Mantle.framework */,
				03FDD4E11F70D7D700961701 /* ReactiveCocoa.framework */,
				03FDD4E21F70D7D700961701 /* SwiftyJSON.framework */,
				03FDD4DD1F70D7CA00961701 /* AFNetworking.framework */,
				03FDD4DB1F70D74200961701 /* OctoKit.framework */,
			);
			sourceTree = "<group>";
		};
		03FDD4C71F70CF6300961701 /* Products */ = {
			isa = PBXGroup;
			children = (
				03FDD4C61F70CF6300961701 /* GithubNotify.app */,
			);
			name = Products;
			sourceTree = "<group>";
		};
		03FDD4C81F70CF6300961701 /* GithubNotify */ = {
			isa = PBXGroup;
			children = (
				03FDD4D91F70D64200961701 /* Github.swift */,
				03FDD4C91F70CF6300961701 /* AppDelegate.swift */,
				03FDD4CB1F70CF6300961701 /* ViewController.swift */,
				03FDD4CD1F70CF6300961701 /* Assets.xcassets */,
				03FDD4CF1F70CF6300961701 /* Main.storyboard */,
				03FDD4D21F70CF6300961701 /* Info.plist */,
			);
			path = GithubNotify;
			sourceTree = "<group>";
		};
/* End PBXGroup section */

/* Begin PBXNativeTarget section */
		03FDD4C51F70CF6300961701 /* GithubNotify */ = {
			isa = PBXNativeTarget;
			buildConfigurationList = 03FDD4D51F70CF6300961701 /* Build configuration list for PBXNativeTarget "GithubNotify" */;
			buildPhases = (
				03FDD4F41F732F7F00961701 /* ShellScript */,
				03FDD4C21F70CF6300961701 /* Sources */,
				03FDD4C31F70CF6300961701 /* Frameworks */,
				03FDD4C41F70CF6300961701 /* Resources */,
				03FDD4F31F70D83800961701 /* Embed Frameworks */,
			);
			buildRules = (
			);
			dependencies = (
			);
			name = GithubNotify;
			productName = GithubNotify;
			productReference = 03FDD4C61F70CF6300961701 /* GithubNotify.app */;
			productType = "com.apple.product-type.application";
		};
/* End PBXNativeTarget section */

/* Begin PBXProject section */
		03FDD4BE1F70CF6300961701 /* Project object */ = {
			isa = PBXProject;
			attributes = {
				LastSwiftUpdateCheck = 0830;
				LastUpgradeCheck = 0830;
				ORGANIZATIONNAME = "Erik Price";
				TargetAttributes = {
					03FDD4C51F70CF6300961701 = {
						CreatedOnToolsVersion = 8.3.3;
						ProvisioningStyle = Automatic;
					};
				};
			};
			buildConfigurationList = 03FDD4C11F70CF6300961701 /* Build configuration list for PBXProject "GithubNotify" */;
			compatibilityVersion = "Xcode 3.2";
			developmentRegion = English;
			hasScannedForEncodings = 0;
			knownRegions = (
				en,
				Base,
			);
			mainGroup = 03FDD4BD1F70CF6300961701;
			productRefGroup = 03FDD4C71F70CF6300961701 /* Products */;
			projectDirPath = "";
			projectRoot = "";
			targets = (
				03FDD4C51F70CF6300961701 /* GithubNotify */,
			);
		};
/* End PBXProject section */

/* Begin PBXResourcesBuildPhase section */
		03FDD4C41F70CF6300961701 /* Resources */ = {
			isa = PBXResourcesBuildPhase;
			buildActionMask = 2147483647;
			files = (
				03FDD4CE1F70CF6300961701 /* Assets.xcassets in Resources */,
				03FDD4D11F70CF6300961701 /* Main.storyboard in Resources */,
			);
			runOnlyForDeploymentPostprocessing = 0;
		};
/* End PBXResourcesBuildPhase section */

/* Begin PBXShellScriptBuildPhase section */
		03FDD4F41F732F7F00961701 /* ShellScript */ = {
			isa = PBXShellScriptBuildPhase;
			buildActionMask = 2147483647;
			files = (
			);
			inputPaths = (
			);
			outputPaths = (
			);
			runOnlyForDeploymentPostprocessing = 0;
			shellPath = /bin/bash;
			shellScript = "if [ ! -f \".secrets\" ]; then\n    echo \"Need to populate .secrets!\"\n    exit 1\nfi\n\nsource .secrets\n\nplutil -replace GITHUB_OAUTH_CLIENT_ID -string $GITHUB_OAUTH_ID \"$TARGET_BUILD_DIR/$INFOPLIST_PATH\"\nplutil -replace GITHUB_OAUTH_CLIENT_SECRET -string $GITHUB_OAUTH_SECRET \"$TARGET_BUILD_DIR/$INFOPLIST_PATH\"";
		};
/* End PBXShellScriptBuildPhase section */

/* Begin PBXSourcesBuildPhase section */
		03FDD4C21F70CF6300961701 /* Sources */ = {
			isa = PBXSourcesBuildPhase;
			buildActionMask = 2147483647;
			files = (
				03FDD4DA1F70D64200961701 /* Github.swift in Sources */,
				03FDD4CC1F70CF6300961701 /* ViewController.swift in Sources */,
				03FDD4CA1F70CF6300961701 /* AppDelegate.swift in Sources */,
			);
			runOnlyForDeploymentPostprocessing = 0;
		};
/* End PBXSourcesBuildPhase section */

/* Begin PBXVariantGroup section */
		03FDD4CF1F70CF6300961701 /* Main.storyboard */ = {
			isa = PBXVariantGroup;
			children = (
				03FDD4D01F70CF6300961701 /* Base */,
			);
			name = Main.storyboard;
			sourceTree = "<group>";
		};
/* End PBXVariantGroup section */

/* Begin XCBuildConfiguration section */
		03FDD4D31F70CF6300961701 /* Debug */ = {
			isa = XCBuildConfiguration;
			buildSettings = {
				ALWAYS_SEARCH_USER_PATHS = NO;
				CLANG_ANALYZER_NONNULL = YES;
				CLANG_ANALYZER_NUMBER_OBJECT_CONVERSION = YES_AGGRESSIVE;
				CLANG_CXX_LANGUAGE_STANDARD = "gnu++0x";
				CLANG_CXX_LIBRARY = "libc++";
				CLANG_ENABLE_MODULES = YES;
				CLANG_ENABLE_OBJC_ARC = YES;
				CLANG_WARN_BOOL_CONVERSION = YES;
				CLANG_WARN_CONSTANT_CONVERSION = YES;
				CLANG_WARN_DIRECT_OBJC_ISA_USAGE = YES_ERROR;
				CLANG_WARN_DOCUMENTATION_COMMENTS = YES;
				CLANG_WARN_EMPTY_BODY = YES;
				CLANG_WARN_ENUM_CONVERSION = YES;
				CLANG_WARN_INFINITE_RECURSION = YES;
				CLANG_WARN_INT_CONVERSION = YES;
				CLANG_WARN_OBJC_ROOT_CLASS = YES_ERROR;
				CLANG_WARN_SUSPICIOUS_MOVE = YES;
				CLANG_WARN_UNREACHABLE_CODE = YES;
				CLANG_WARN__DUPLICATE_METHOD_MATCH = YES;
				CODE_SIGN_IDENTITY = "-";
				COPY_PHASE_STRIP = NO;
				DEBUG_INFORMATION_FORMAT = dwarf;
				ENABLE_STRICT_OBJC_MSGSEND = YES;
				ENABLE_TESTABILITY = YES;
				GCC_C_LANGUAGE_STANDARD = gnu99;
				GCC_DYNAMIC_NO_PIC = NO;
				GCC_NO_COMMON_BLOCKS = YES;
				GCC_OPTIMIZATION_LEVEL = 0;
				GCC_PREPROCESSOR_DEFINITIONS = (
					"DEBUG=1",
					"$(inherited)",
				);
				GCC_WARN_64_TO_32_BIT_CONVERSION = YES;
				GCC_WARN_ABOUT_RETURN_TYPE = YES_ERROR;
				GCC_WARN_UNDECLARED_SELECTOR = YES;
				GCC_WARN_UNINITIALIZED_AUTOS = YES_AGGRESSIVE;
				GCC_WARN_UNUSED_FUNCTION = YES;
				GCC_WARN_UNUSED_VARIABLE = YES;
				MACOSX_DEPLOYMENT_TARGET = 10.12;
				MTL_ENABLE_DEBUG_INFO = YES;
				ONLY_ACTIVE_ARCH = YES;
				SDKROOT = macosx;
				SWIFT_ACTIVE_COMPILATION_CONDITIONS = DEBUG;
				SWIFT_OPTIMIZATION_LEVEL = "-Onone";
			};
			name = Debug;
		};
		03FDD4D41F70CF6300961701 /* Release */ = {
			isa = XCBuildConfiguration;
			buildSettings = {
				ALWAYS_SEARCH_USER_PATHS = NO;
				CLANG_ANALYZER_NONNULL = YES;
				CLANG_ANALYZER_NUMBER_OBJECT_CONVERSION = YES_AGGRESSIVE;
				CLANG_CXX_LANGUAGE_STANDARD = "gnu++0x";
				CLANG_CXX_LIBRARY = "libc++";
				CLANG_ENABLE_MODULES = YES;
				CLANG_ENABLE_OBJC_ARC = YES;
				CLANG_WARN_BOOL_CONVERSION = YES;
				CLANG_WARN_CONSTANT_CONVERSION = YES;
				CLANG_WARN_DIRECT_OBJC_ISA_USAGE = YES_ERROR;
				CLANG_WARN_DOCUMENTATION_COMMENTS = YES;
				CLANG_WARN_EMPTY_BODY = YES;
				CLANG_WARN_ENUM_CONVERSION = YES;
				CLANG_WARN_INFINITE_RECURSION = YES;
				CLANG_WARN_INT_CONVERSION = YES;
				CLANG_WARN_OBJC_ROOT_CLASS = YES_ERROR;
				CLANG_WARN_SUSPICIOUS_MOVE = YES;
				CLANG_WARN_UNREACHABLE_CODE = YES;
				CLANG_WARN__DUPLICATE_METHOD_MATCH = YES;
				CODE_SIGN_IDENTITY = "-";
				COPY_PHASE_STRIP = NO;
				DEBUG_INFORMATION_FORMAT = "dwarf-with-dsym";
				ENABLE_NS_ASSERTIONS = NO;
				ENABLE_STRICT_OBJC_MSGSEND = YES;
				GCC_C_LANGUAGE_STANDARD = gnu99;
				GCC_NO_COMMON_BLOCKS = YES;
				GCC_WARN_64_TO_32_BIT_CONVERSION = YES;
				GCC_WARN_ABOUT_RETURN_TYPE = YES_ERROR;
				GCC_WARN_UNDECLARED_SELECTOR = YES;
				GCC_WARN_UNINITIALIZED_AUTOS = YES_AGGRESSIVE;
				GCC_WARN_UNUSED_FUNCTION = YES;
				GCC_WARN_UNUSED_VARIABLE = YES;
				MACOSX_DEPLOYMENT_TARGET = 10.12;
				MTL_ENABLE_DEBUG_INFO = NO;
				SDKROOT = macosx;
				SWIFT_OPTIMIZATION_LEVEL = "-Owholemodule";
			};
			name = Release;
		};
		03FDD4D61F70CF6300961701 /* Debug */ = {
			isa = XCBuildConfiguration;
			buildSettings = {
				ASSETCATALOG_COMPILER_APPICON_NAME = AppIcon;
				COMBINE_HIDPI_IMAGES = YES;
				DEFINES_MODULE = YES;
				FRAMEWORK_SEARCH_PATHS = (
					"$(inherited)",
					"$(PROJECT_DIR)/Carthage/Build/Mac",
				);
				INFOPLIST_FILE = GithubNotify/Info.plist;
				LD_RUNPATH_SEARCH_PATHS = "$(inherited) @executable_path/../Frameworks";
				PRODUCT_BUNDLE_IDENTIFIER = net.erikprice.GithubNotify;
				PRODUCT_NAME = "$(TARGET_NAME)";
				SWIFT_VERSION = 3.0;
			};
			name = Debug;
		};
		03FDD4D71F70CF6300961701 /* Release */ = {
			isa = XCBuildConfiguration;
			buildSettings = {
				ASSETCATALOG_COMPILER_APPICON_NAME = AppIcon;
				COMBINE_HIDPI_IMAGES = YES;
				DEFINES_MODULE = YES;
				FRAMEWORK_SEARCH_PATHS = (
					"$(inherited)",
					"$(PROJECT_DIR)/Carthage/Build/Mac",
				);
				INFOPLIST_FILE = GithubNotify/Info.plist;
				LD_RUNPATH_SEARCH_PATHS = "$(inherited) @executable_path/../Frameworks";
				PRODUCT_BUNDLE_IDENTIFIER = net.erikprice.GithubNotify;
				PRODUCT_NAME = "$(TARGET_NAME)";
				SWIFT_VERSION = 3.0;
			};
			name = Release;
		};
/* End XCBuildConfiguration section */

/* Begin XCConfigurationList section */
		03FDD4C11F70CF6300961701 /* Build configuration list for PBXProject "GithubNotify" */ = {
			isa = XCConfigurationList;
			buildConfigurations = (
				03FDD4D31F70CF6300961701 /* Debug */,
				03FDD4D41F70CF6300961701 /* Release */,
			);
			defaultConfigurationIsVisible = 0;
			defaultConfigurationName = Release;
		};
		03FDD4D51F70CF6300961701 /* Build configuration list for PBXNativeTarget "GithubNotify" */ = {
			isa = XCConfigurationList;
			buildConfigurations = (
				03FDD4D61F70CF6300961701 /* Debug */,
				03FDD4D71F70CF6300961701 /* Release */,
			);
			defaultConfigurationIsVisible = 0;
			defaultConfigurationName = Release;
		};
/* End XCConfigurationList section */
	};
	rootObject = 03FDD4BE1F70CF6300961701 /* Project object */;
}
